// !$*UTF8*$!
{
	archiveVersion = 1;
	classes = {
	};
	objectVersion = 55;
	objects = {

/* Begin PBXBuildFile section */
		5041B1C5B615FDBCFA0B2BE3 /* Pods_FindMiddlePoint.framework in Frameworks */ = {isa = PBXBuildFile; fileRef = 247D511F4C60CFFDDE5F4320 /* Pods_FindMiddlePoint.framework */; };
		EE7C8F43281A602700CE498B /* HomeEmptyCell.swift in Sources */ = {isa = PBXBuildFile; fileRef = EE7C8F42281A602700CE498B /* HomeEmptyCell.swift */; };
		EE7C8F45281A603600CE498B /* HomeDistanceCell.swift in Sources */ = {isa = PBXBuildFile; fileRef = EE7C8F44281A603600CE498B /* HomeDistanceCell.swift */; };
		EE7C8F47281A608B00CE498B /* HomeViewController + TableView.swift in Sources */ = {isa = PBXBuildFile; fileRef = EE7C8F46281A608B00CE498B /* HomeViewController + TableView.swift */; };
		EE7C8F49281A644900CE498B /* LoginNavigationController.swift in Sources */ = {isa = PBXBuildFile; fileRef = EE7C8F48281A644900CE498B /* LoginNavigationController.swift */; };
		EE7C8F50281AD1AA00CE498B /* BasePopUpDelegate.swift in Sources */ = {isa = PBXBuildFile; fileRef = EE7C8F4F281AD1AA00CE498B /* BasePopUpDelegate.swift */; };
		EE7C8F54281AD2AB00CE498B /* BaseViewController.swift in Sources */ = {isa = PBXBuildFile; fileRef = EE7C8F53281AD2AB00CE498B /* BaseViewController.swift */; };
		EE90B07C281687CB005E9A2D /* AppDelegate.swift in Sources */ = {isa = PBXBuildFile; fileRef = EE90B07B281687CB005E9A2D /* AppDelegate.swift */; };
		EE90B07E281687CB005E9A2D /* SceneDelegate.swift in Sources */ = {isa = PBXBuildFile; fileRef = EE90B07D281687CB005E9A2D /* SceneDelegate.swift */; };
		EE90B080281687CB005E9A2D /* ViewController.swift in Sources */ = {isa = PBXBuildFile; fileRef = EE90B07F281687CB005E9A2D /* ViewController.swift */; };
		EE90B083281687CB005E9A2D /* Main.storyboard in Resources */ = {isa = PBXBuildFile; fileRef = EE90B081281687CB005E9A2D /* Main.storyboard */; };
		EE90B085281687CF005E9A2D /* Assets.xcassets in Resources */ = {isa = PBXBuildFile; fileRef = EE90B084281687CF005E9A2D /* Assets.xcassets */; };
		EE90B088281687CF005E9A2D /* LaunchScreen.storyboard in Resources */ = {isa = PBXBuildFile; fileRef = EE90B086281687CF005E9A2D /* LaunchScreen.storyboard */; };
		EE90B09228168B33005E9A2D /* UIViewController.swift.swift in Sources */ = {isa = PBXBuildFile; fileRef = EE90B09128168B33005E9A2D /* UIViewController.swift.swift */; };
		EE90B09528168BB6005E9A2D /* IndicatorView.swift in Sources */ = {isa = PBXBuildFile; fileRef = EE90B09428168BB6005E9A2D /* IndicatorView.swift */; };
		EE90B09728168C01005E9A2D /* UIColor.swift in Sources */ = {isa = PBXBuildFile; fileRef = EE90B09628168C01005E9A2D /* UIColor.swift */; };
		EE90B09C2817B08B005E9A2D /* LoginViewController.swift in Sources */ = {isa = PBXBuildFile; fileRef = EE90B09B2817B08B005E9A2D /* LoginViewController.swift */; };
		EE90B09E2817B097005E9A2D /* Login.storyboard in Resources */ = {isa = PBXBuildFile; fileRef = EE90B09D2817B097005E9A2D /* Login.storyboard */; };
		EE90B0A428193BF7005E9A2D /* Home.storyboard in Resources */ = {isa = PBXBuildFile; fileRef = EE90B0A328193BF7005E9A2D /* Home.storyboard */; };
		EE90B0A628193C12005E9A2D /* HomeViewController.swift in Sources */ = {isa = PBXBuildFile; fileRef = EE90B0A528193C12005E9A2D /* HomeViewController.swift */; };
/* End PBXBuildFile section */

/* Begin PBXFileReference section */
		247D511F4C60CFFDDE5F4320 /* Pods_FindMiddlePoint.framework */ = {isa = PBXFileReference; explicitFileType = wrapper.framework; includeInIndex = 0; path = Pods_FindMiddlePoint.framework; sourceTree = BUILT_PRODUCTS_DIR; };
		CFF7343A73B3A2AA10C34579 /* Pods-FindMiddlePoint.release.xcconfig */ = {isa = PBXFileReference; includeInIndex = 1; lastKnownFileType = text.xcconfig; name = "Pods-FindMiddlePoint.release.xcconfig"; path = "Target Support Files/Pods-FindMiddlePoint/Pods-FindMiddlePoint.release.xcconfig"; sourceTree = "<group>"; };
		EE7C8F42281A602700CE498B /* HomeEmptyCell.swift */ = {isa = PBXFileReference; lastKnownFileType = sourcecode.swift; path = HomeEmptyCell.swift; sourceTree = "<group>"; };
		EE7C8F44281A603600CE498B /* HomeDistanceCell.swift */ = {isa = PBXFileReference; lastKnownFileType = sourcecode.swift; path = HomeDistanceCell.swift; sourceTree = "<group>"; };
		EE7C8F46281A608B00CE498B /* HomeViewController + TableView.swift */ = {isa = PBXFileReference; lastKnownFileType = sourcecode.swift; path = "HomeViewController + TableView.swift"; sourceTree = "<group>"; };
		EE7C8F48281A644900CE498B /* LoginNavigationController.swift */ = {isa = PBXFileReference; lastKnownFileType = sourcecode.swift; path = LoginNavigationController.swift; sourceTree = "<group>"; };
		EE7C8F4F281AD1AA00CE498B /* BasePopUpDelegate.swift */ = {isa = PBXFileReference; lastKnownFileType = sourcecode.swift; path = BasePopUpDelegate.swift; sourceTree = "<group>"; };
		EE7C8F53281AD2AB00CE498B /* BaseViewController.swift */ = {isa = PBXFileReference; lastKnownFileType = sourcecode.swift; path = BaseViewController.swift; sourceTree = "<group>"; };
		EE90B078281687CB005E9A2D /* FindMiddlePoint.app */ = {isa = PBXFileReference; explicitFileType = wrapper.application; includeInIndex = 0; path = FindMiddlePoint.app; sourceTree = BUILT_PRODUCTS_DIR; };
		EE90B07B281687CB005E9A2D /* AppDelegate.swift */ = {isa = PBXFileReference; lastKnownFileType = sourcecode.swift; path = AppDelegate.swift; sourceTree = "<group>"; };
		EE90B07D281687CB005E9A2D /* SceneDelegate.swift */ = {isa = PBXFileReference; lastKnownFileType = sourcecode.swift; path = SceneDelegate.swift; sourceTree = "<group>"; };
		EE90B07F281687CB005E9A2D /* ViewController.swift */ = {isa = PBXFileReference; lastKnownFileType = sourcecode.swift; path = ViewController.swift; sourceTree = "<group>"; };
		EE90B082281687CB005E9A2D /* Base */ = {isa = PBXFileReference; lastKnownFileType = file.storyboard; name = Base; path = Base.lproj/Main.storyboard; sourceTree = "<group>"; };
		EE90B084281687CF005E9A2D /* Assets.xcassets */ = {isa = PBXFileReference; lastKnownFileType = folder.assetcatalog; path = Assets.xcassets; sourceTree = "<group>"; };
		EE90B087281687CF005E9A2D /* Base */ = {isa = PBXFileReference; lastKnownFileType = file.storyboard; name = Base; path = Base.lproj/LaunchScreen.storyboard; sourceTree = "<group>"; };
		EE90B089281687CF005E9A2D /* Info.plist */ = {isa = PBXFileReference; lastKnownFileType = text.plist.xml; path = Info.plist; sourceTree = "<group>"; };
		EE90B09128168B33005E9A2D /* UIViewController.swift.swift */ = {isa = PBXFileReference; lastKnownFileType = sourcecode.swift; path = UIViewController.swift.swift; sourceTree = "<group>"; };
		EE90B09428168BB6005E9A2D /* IndicatorView.swift */ = {isa = PBXFileReference; lastKnownFileType = sourcecode.swift; path = IndicatorView.swift; sourceTree = "<group>"; };
		EE90B09628168C01005E9A2D /* UIColor.swift */ = {isa = PBXFileReference; lastKnownFileType = sourcecode.swift; path = UIColor.swift; sourceTree = "<group>"; };
		EE90B09B2817B08B005E9A2D /* LoginViewController.swift */ = {isa = PBXFileReference; lastKnownFileType = sourcecode.swift; path = LoginViewController.swift; sourceTree = "<group>"; };
		EE90B09D2817B097005E9A2D /* Login.storyboard */ = {isa = PBXFileReference; lastKnownFileType = file.storyboard; path = Login.storyboard; sourceTree = "<group>"; };
		EE90B0A328193BF7005E9A2D /* Home.storyboard */ = {isa = PBXFileReference; lastKnownFileType = file.storyboard; path = Home.storyboard; sourceTree = "<group>"; };
		EE90B0A528193C12005E9A2D /* HomeViewController.swift */ = {isa = PBXFileReference; lastKnownFileType = sourcecode.swift; path = HomeViewController.swift; sourceTree = "<group>"; };
		F9C85541B039D2CFE1AC4831 /* Pods-FindMiddlePoint.debug.xcconfig */ = {isa = PBXFileReference; includeInIndex = 1; lastKnownFileType = text.xcconfig; name = "Pods-FindMiddlePoint.debug.xcconfig"; path = "Target Support Files/Pods-FindMiddlePoint/Pods-FindMiddlePoint.debug.xcconfig"; sourceTree = "<group>"; };
/* End PBXFileReference section */

/* Begin PBXFrameworksBuildPhase section */
		EE90B075281687CB005E9A2D /* Frameworks */ = {
			isa = PBXFrameworksBuildPhase;
			buildActionMask = 2147483647;
			files = (
				5041B1C5B615FDBCFA0B2BE3 /* Pods_FindMiddlePoint.framework in Frameworks */,
			);
			runOnlyForDeploymentPostprocessing = 0;
		};
/* End PBXFrameworksBuildPhase section */

/* Begin PBXGroup section */
		13A41BC6D091BFA7489C3F03 /* Frameworks */ = {
			isa = PBXGroup;
			children = (
				247D511F4C60CFFDDE5F4320 /* Pods_FindMiddlePoint.framework */,
			);
			name = Frameworks;
			sourceTree = "<group>";
		};
		25AD424D270C01B90894F822 /* Pods */ = {
			isa = PBXGroup;
			children = (
				F9C85541B039D2CFE1AC4831 /* Pods-FindMiddlePoint.debug.xcconfig */,
				CFF7343A73B3A2AA10C34579 /* Pods-FindMiddlePoint.release.xcconfig */,
			);
			path = Pods;
			sourceTree = "<group>";
		};
		EE7C8F41281A5FFB00CE498B /* Cell */ = {
			isa = PBXGroup;
			children = (
				EE7C8F42281A602700CE498B /* HomeEmptyCell.swift */,
				EE7C8F44281A603600CE498B /* HomeDistanceCell.swift */,
			);
			path = Cell;
			sourceTree = "<group>";
		};
		EE7C8F4C281AD18400CE498B /* PopUp */ = {
			isa = PBXGroup;
			children = (
				EE7C8F4D281AD18B00CE498B /* Base */,
			);
			path = PopUp;
			sourceTree = "<group>";
		};
		EE7C8F4D281AD18B00CE498B /* Base */ = {
			isa = PBXGroup;
			children = (
				EE7C8F4E281AD19000CE498B /* Protocol */,
			);
			path = Base;
			sourceTree = "<group>";
		};
		EE7C8F4E281AD19000CE498B /* Protocol */ = {
			isa = PBXGroup;
			children = (
				EE7C8F4F281AD1AA00CE498B /* BasePopUpDelegate.swift */,
			);
			path = Protocol;
			sourceTree = "<group>";
		};
		EE7C8F51281AD20200CE498B /* Configuration */ = {
			isa = PBXGroup;
			children = (
				EE7C8F52281AD29100CE498B /* BaseViewController */,
			);
			path = Configuration;
			sourceTree = "<group>";
		};
		EE7C8F52281AD29100CE498B /* BaseViewController */ = {
			isa = PBXGroup;
			children = (
				EE7C8F53281AD2AB00CE498B /* BaseViewController.swift */,
			);
			path = BaseViewController;
			sourceTree = "<group>";
		};
		EE90B06F281687CB005E9A2D = {
			isa = PBXGroup;
			children = (
				EE90B07A281687CB005E9A2D /* FindMiddlePoint */,
				EE90B079281687CB005E9A2D /* Products */,
				25AD424D270C01B90894F822 /* Pods */,
				13A41BC6D091BFA7489C3F03 /* Frameworks */,
			);
			sourceTree = "<group>";
		};
		EE90B079281687CB005E9A2D /* Products */ = {
			isa = PBXGroup;
			children = (
				EE90B078281687CB005E9A2D /* FindMiddlePoint.app */,
			);
			name = Products;
			sourceTree = "<group>";
		};
		EE90B07A281687CB005E9A2D /* FindMiddlePoint */ = {
			isa = PBXGroup;
			children = (
				EE7C8F51281AD20200CE498B /* Configuration */,
				EE90B0992817B024005E9A2D /* Source */,
				EE90B07B281687CB005E9A2D /* AppDelegate.swift */,
				EE90B07D281687CB005E9A2D /* SceneDelegate.swift */,
				EE90B07F281687CB005E9A2D /* ViewController.swift */,
				EE90B081281687CB005E9A2D /* Main.storyboard */,
				EE90B084281687CF005E9A2D /* Assets.xcassets */,
				EE90B086281687CF005E9A2D /* LaunchScreen.storyboard */,
				EE90B089281687CF005E9A2D /* Info.plist */,
				EE90B08F28168B0E005E9A2D /* Util */,
			);
			path = FindMiddlePoint;
			sourceTree = "<group>";
		};
		EE90B08F28168B0E005E9A2D /* Util */ = {
			isa = PBXGroup;
			children = (
				EE7C8F4C281AD18400CE498B /* PopUp */,
				EE90B09328168BA5005E9A2D /* Custom */,
				EE90B09028168B1B005E9A2D /* Extension */,
			);
			path = Util;
			sourceTree = "<group>";
		};
		EE90B09028168B1B005E9A2D /* Extension */ = {
			isa = PBXGroup;
			children = (
				EE90B09128168B33005E9A2D /* UIViewController.swift.swift */,
				EE90B09628168C01005E9A2D /* UIColor.swift */,
			);
			path = Extension;
			sourceTree = "<group>";
		};
		EE90B09328168BA5005E9A2D /* Custom */ = {
			isa = PBXGroup;
			children = (
				EE90B09428168BB6005E9A2D /* IndicatorView.swift */,
			);
			path = Custom;
			sourceTree = "<group>";
		};
		EE90B0992817B024005E9A2D /* Source */ = {
			isa = PBXGroup;
			children = (
				EE90B0A228193BE9005E9A2D /* Home */,
				EE90B09A2817B07E005E9A2D /* Login */,
			);
			path = Source;
			sourceTree = "<group>";
		};
		EE90B09A2817B07E005E9A2D /* Login */ = {
			isa = PBXGroup;
			children = (
				EE90B09B2817B08B005E9A2D /* LoginViewController.swift */,
				EE90B09D2817B097005E9A2D /* Login.storyboard */,
				EE7C8F48281A644900CE498B /* LoginNavigationController.swift */,
			);
			path = Login;
			sourceTree = "<group>";
		};
		EE90B0A228193BE9005E9A2D /* Home */ = {
			isa = PBXGroup;
			children = (
				EE7C8F41281A5FFB00CE498B /* Cell */,
				EE90B0A328193BF7005E9A2D /* Home.storyboard */,
				EE90B0A528193C12005E9A2D /* HomeViewController.swift */,
				EE7C8F46281A608B00CE498B /* HomeViewController + TableView.swift */,
			);
			path = Home;
			sourceTree = "<group>";
		};
/* End PBXGroup section */

/* Begin PBXNativeTarget section */
		EE90B077281687CB005E9A2D /* FindMiddlePoint */ = {
			isa = PBXNativeTarget;
			buildConfigurationList = EE90B08C281687CF005E9A2D /* Build configuration list for PBXNativeTarget "FindMiddlePoint" */;
			buildPhases = (
				76CD3FB562AB37BB971FCB7F /* [CP] Check Pods Manifest.lock */,
				EE90B074281687CB005E9A2D /* Sources */,
				EE90B075281687CB005E9A2D /* Frameworks */,
				EE90B076281687CB005E9A2D /* Resources */,
				F75F2FAD39466C9D9FB1CF38 /* [CP] Embed Pods Frameworks */,
			);
			buildRules = (
			);
			dependencies = (
			);
			name = FindMiddlePoint;
			productName = FindMiddlePoint;
			productReference = EE90B078281687CB005E9A2D /* FindMiddlePoint.app */;
			productType = "com.apple.product-type.application";
		};
/* End PBXNativeTarget section */

/* Begin PBXProject section */
		EE90B070281687CB005E9A2D /* Project object */ = {
			isa = PBXProject;
			attributes = {
				BuildIndependentTargetsInParallel = 1;
				LastSwiftUpdateCheck = 1320;
				LastUpgradeCheck = 1320;
				TargetAttributes = {
					EE90B077281687CB005E9A2D = {
						CreatedOnToolsVersion = 13.2.1;
					};
				};
			};
			buildConfigurationList = EE90B073281687CB005E9A2D /* Build configuration list for PBXProject "FindMiddlePoint" */;
			compatibilityVersion = "Xcode 13.0";
			developmentRegion = en;
			hasScannedForEncodings = 0;
			knownRegions = (
				en,
				Base,
			);
			mainGroup = EE90B06F281687CB005E9A2D;
			productRefGroup = EE90B079281687CB005E9A2D /* Products */;
			projectDirPath = "";
			projectRoot = "";
			targets = (
				EE90B077281687CB005E9A2D /* FindMiddlePoint */,
			);
		};
/* End PBXProject section */

/* Begin PBXResourcesBuildPhase section */
		EE90B076281687CB005E9A2D /* Resources */ = {
			isa = PBXResourcesBuildPhase;
			buildActionMask = 2147483647;
			files = (
				EE90B09E2817B097005E9A2D /* Login.storyboard in Resources */,
				EE90B0A428193BF7005E9A2D /* Home.storyboard in Resources */,
				EE90B088281687CF005E9A2D /* LaunchScreen.storyboard in Resources */,
				EE90B085281687CF005E9A2D /* Assets.xcassets in Resources */,
				EE90B083281687CB005E9A2D /* Main.storyboard in Resources */,
			);
			runOnlyForDeploymentPostprocessing = 0;
		};
/* End PBXResourcesBuildPhase section */

/* Begin PBXShellScriptBuildPhase section */
		76CD3FB562AB37BB971FCB7F /* [CP] Check Pods Manifest.lock */ = {
			isa = PBXShellScriptBuildPhase;
			buildActionMask = 2147483647;
			files = (
			);
			inputFileListPaths = (
			);
			inputPaths = (
				"${PODS_PODFILE_DIR_PATH}/Podfile.lock",
				"${PODS_ROOT}/Manifest.lock",
			);
			name = "[CP] Check Pods Manifest.lock";
			outputFileListPaths = (
			);
			outputPaths = (
				"$(DERIVED_FILE_DIR)/Pods-FindMiddlePoint-checkManifestLockResult.txt",
			);
			runOnlyForDeploymentPostprocessing = 0;
			shellPath = /bin/sh;
			shellScript = "diff \"${PODS_PODFILE_DIR_PATH}/Podfile.lock\" \"${PODS_ROOT}/Manifest.lock\" > /dev/null\nif [ $? != 0 ] ; then\n    # print error to STDERR\n    echo \"error: The sandbox is not in sync with the Podfile.lock. Run 'pod install' or update your CocoaPods installation.\" >&2\n    exit 1\nfi\n# This output is used by Xcode 'outputs' to avoid re-running this script phase.\necho \"SUCCESS\" > \"${SCRIPT_OUTPUT_FILE_0}\"\n";
			showEnvVarsInLog = 0;
		};
		F75F2FAD39466C9D9FB1CF38 /* [CP] Embed Pods Frameworks */ = {
			isa = PBXShellScriptBuildPhase;
			buildActionMask = 2147483647;
			files = (
			);
			inputFileListPaths = (
				"${PODS_ROOT}/Target Support Files/Pods-FindMiddlePoint/Pods-FindMiddlePoint-frameworks-${CONFIGURATION}-input-files.xcfilelist",
			);
			name = "[CP] Embed Pods Frameworks";
			outputFileListPaths = (
				"${PODS_ROOT}/Target Support Files/Pods-FindMiddlePoint/Pods-FindMiddlePoint-frameworks-${CONFIGURATION}-output-files.xcfilelist",
			);
			runOnlyForDeploymentPostprocessing = 0;
			shellPath = /bin/sh;
			shellScript = "\"${PODS_ROOT}/Target Support Files/Pods-FindMiddlePoint/Pods-FindMiddlePoint-frameworks.sh\"\n";
			showEnvVarsInLog = 0;
		};
/* End PBXShellScriptBuildPhase section */

/* Begin PBXSourcesBuildPhase section */
		EE90B074281687CB005E9A2D /* Sources */ = {
			isa = PBXSourcesBuildPhase;
			buildActionMask = 2147483647;
			files = (
				EE90B09C2817B08B005E9A2D /* LoginViewController.swift in Sources */,
				EE90B080281687CB005E9A2D /* ViewController.swift in Sources */,
				EE90B09728168C01005E9A2D /* UIColor.swift in Sources */,
				EE7C8F45281A603600CE498B /* HomeDistanceCell.swift in Sources */,
				EE90B0A628193C12005E9A2D /* HomeViewController.swift in Sources */,
				EE7C8F54281AD2AB00CE498B /* BaseViewController.swift in Sources */,
				EE7C8F50281AD1AA00CE498B /* BasePopUpDelegate.swift in Sources */,
				EE7C8F43281A602700CE498B /* HomeEmptyCell.swift in Sources */,
				EE90B07C281687CB005E9A2D /* AppDelegate.swift in Sources */,
				EE90B07E281687CB005E9A2D /* SceneDelegate.swift in Sources */,
				EE7C8F47281A608B00CE498B /* HomeViewController + TableView.swift in Sources */,
				EE90B09228168B33005E9A2D /* UIViewController.swift.swift in Sources */,
				EE7C8F49281A644900CE498B /* LoginNavigationController.swift in Sources */,
				EE90B09528168BB6005E9A2D /* IndicatorView.swift in Sources */,
			);
			runOnlyForDeploymentPostprocessing = 0;
		};
/* End PBXSourcesBuildPhase section */

/* Begin PBXVariantGroup section */
		EE90B081281687CB005E9A2D /* Main.storyboard */ = {
			isa = PBXVariantGroup;
			children = (
				EE90B082281687CB005E9A2D /* Base */,
			);
			name = Main.storyboard;
			sourceTree = "<group>";
		};
		EE90B086281687CF005E9A2D /* LaunchScreen.storyboard */ = {
			isa = PBXVariantGroup;
			children = (
				EE90B087281687CF005E9A2D /* Base */,
			);
			name = LaunchScreen.storyboard;
			sourceTree = "<group>";
		};
/* End PBXVariantGroup section */

/* Begin XCBuildConfiguration section */
		EE90B08A281687CF005E9A2D /* Debug */ = {
			isa = XCBuildConfiguration;
			buildSettings = {
				ALWAYS_SEARCH_USER_PATHS = NO;
				CLANG_ANALYZER_NONNULL = YES;
				CLANG_ANALYZER_NUMBER_OBJECT_CONVERSION = YES_AGGRESSIVE;
				CLANG_CXX_LANGUAGE_STANDARD = "gnu++17";
				CLANG_CXX_LIBRARY = "libc++";
				CLANG_ENABLE_MODULES = YES;
				CLANG_ENABLE_OBJC_ARC = YES;
				CLANG_ENABLE_OBJC_WEAK = YES;
				CLANG_WARN_BLOCK_CAPTURE_AUTORELEASING = YES;
				CLANG_WARN_BOOL_CONVERSION = YES;
				CLANG_WARN_COMMA = YES;
				CLANG_WARN_CONSTANT_CONVERSION = YES;
				CLANG_WARN_DEPRECATED_OBJC_IMPLEMENTATIONS = YES;
				CLANG_WARN_DIRECT_OBJC_ISA_USAGE = YES_ERROR;
				CLANG_WARN_DOCUMENTATION_COMMENTS = YES;
				CLANG_WARN_EMPTY_BODY = YES;
				CLANG_WARN_ENUM_CONVERSION = YES;
				CLANG_WARN_INFINITE_RECURSION = YES;
				CLANG_WARN_INT_CONVERSION = YES;
				CLANG_WARN_NON_LITERAL_NULL_CONVERSION = YES;
				CLANG_WARN_OBJC_IMPLICIT_RETAIN_SELF = YES;
				CLANG_WARN_OBJC_LITERAL_CONVERSION = YES;
				CLANG_WARN_OBJC_ROOT_CLASS = YES_ERROR;
				CLANG_WARN_QUOTED_INCLUDE_IN_FRAMEWORK_HEADER = YES;
				CLANG_WARN_RANGE_LOOP_ANALYSIS = YES;
				CLANG_WARN_STRICT_PROTOTYPES = YES;
				CLANG_WARN_SUSPICIOUS_MOVE = YES;
				CLANG_WARN_UNGUARDED_AVAILABILITY = YES_AGGRESSIVE;
				CLANG_WARN_UNREACHABLE_CODE = YES;
				CLANG_WARN__DUPLICATE_METHOD_MATCH = YES;
				COPY_PHASE_STRIP = NO;
				DEBUG_INFORMATION_FORMAT = dwarf;
				ENABLE_STRICT_OBJC_MSGSEND = YES;
				ENABLE_TESTABILITY = YES;
				GCC_C_LANGUAGE_STANDARD = gnu11;
				GCC_DYNAMIC_NO_PIC = NO;
				GCC_NO_COMMON_BLOCKS = YES;
				GCC_OPTIMIZATION_LEVEL = 0;
				GCC_PREPROCESSOR_DEFINITIONS = (
					"DEBUG=1",
					"$(inherited)",
				);
				GCC_WARN_64_TO_32_BIT_CONVERSION = YES;
				GCC_WARN_ABOUT_RETURN_TYPE = YES_ERROR;
				GCC_WARN_UNDECLARED_SELECTOR = YES;
				GCC_WARN_UNINITIALIZED_AUTOS = YES_AGGRESSIVE;
				GCC_WARN_UNUSED_FUNCTION = YES;
				GCC_WARN_UNUSED_VARIABLE = YES;
				IPHONEOS_DEPLOYMENT_TARGET = 15.2;
				MTL_ENABLE_DEBUG_INFO = INCLUDE_SOURCE;
				MTL_FAST_MATH = YES;
				ONLY_ACTIVE_ARCH = YES;
				SDKROOT = iphoneos;
				SWIFT_ACTIVE_COMPILATION_CONDITIONS = DEBUG;
				SWIFT_OPTIMIZATION_LEVEL = "-Onone";
			};
			name = Debug;
		};
		EE90B08B281687CF005E9A2D /* Release */ = {
			isa = XCBuildConfiguration;
			buildSettings = {
				ALWAYS_SEARCH_USER_PATHS = NO;
				CLANG_ANALYZER_NONNULL = YES;
				CLANG_ANALYZER_NUMBER_OBJECT_CONVERSION = YES_AGGRESSIVE;
				CLANG_CXX_LANGUAGE_STANDARD = "gnu++17";
				CLANG_CXX_LIBRARY = "libc++";
				CLANG_ENABLE_MODULES = YES;
				CLANG_ENABLE_OBJC_ARC = YES;
				CLANG_ENABLE_OBJC_WEAK = YES;
				CLANG_WARN_BLOCK_CAPTURE_AUTORELEASING = YES;
				CLANG_WARN_BOOL_CONVERSION = YES;
				CLANG_WARN_COMMA = YES;
				CLANG_WARN_CONSTANT_CONVERSION = YES;
				CLANG_WARN_DEPRECATED_OBJC_IMPLEMENTATIONS = YES;
				CLANG_WARN_DIRECT_OBJC_ISA_USAGE = YES_ERROR;
				CLANG_WARN_DOCUMENTATION_COMMENTS = YES;
				CLANG_WARN_EMPTY_BODY = YES;
				CLANG_WARN_ENUM_CONVERSION = YES;
				CLANG_WARN_INFINITE_RECURSION = YES;
				CLANG_WARN_INT_CONVERSION = YES;
				CLANG_WARN_NON_LITERAL_NULL_CONVERSION = YES;
				CLANG_WARN_OBJC_IMPLICIT_RETAIN_SELF = YES;
				CLANG_WARN_OBJC_LITERAL_CONVERSION = YES;
				CLANG_WARN_OBJC_ROOT_CLASS = YES_ERROR;
				CLANG_WARN_QUOTED_INCLUDE_IN_FRAMEWORK_HEADER = YES;
				CLANG_WARN_RANGE_LOOP_ANALYSIS = YES;
				CLANG_WARN_STRICT_PROTOTYPES = YES;
				CLANG_WARN_SUSPICIOUS_MOVE = YES;
				CLANG_WARN_UNGUARDED_AVAILABILITY = YES_AGGRESSIVE;
				CLANG_WARN_UNREACHABLE_CODE = YES;
				CLANG_WARN__DUPLICATE_METHOD_MATCH = YES;
				COPY_PHASE_STRIP = NO;
				DEBUG_INFORMATION_FORMAT = "dwarf-with-dsym";
				ENABLE_NS_ASSERTIONS = NO;
				ENABLE_STRICT_OBJC_MSGSEND = YES;
				GCC_C_LANGUAGE_STANDARD = gnu11;
				GCC_NO_COMMON_BLOCKS = YES;
				GCC_WARN_64_TO_32_BIT_CONVERSION = YES;
				GCC_WARN_ABOUT_RETURN_TYPE = YES_ERROR;
				GCC_WARN_UNDECLARED_SELECTOR = YES;
				GCC_WARN_UNINITIALIZED_AUTOS = YES_AGGRESSIVE;
				GCC_WARN_UNUSED_FUNCTION = YES;
				GCC_WARN_UNUSED_VARIABLE = YES;
				IPHONEOS_DEPLOYMENT_TARGET = 15.2;
				MTL_ENABLE_DEBUG_INFO = NO;
				MTL_FAST_MATH = YES;
				SDKROOT = iphoneos;
				SWIFT_COMPILATION_MODE = wholemodule;
				SWIFT_OPTIMIZATION_LEVEL = "-O";
				VALIDATE_PRODUCT = YES;
			};
			name = Release;
		};
		EE90B08D281687CF005E9A2D /* Debug */ = {
			isa = XCBuildConfiguration;
			baseConfigurationReference = F9C85541B039D2CFE1AC4831 /* Pods-FindMiddlePoint.debug.xcconfig */;
			buildSettings = {
				ASSETCATALOG_COMPILER_APPICON_NAME = AppIcon;
				ASSETCATALOG_COMPILER_GLOBAL_ACCENT_COLOR_NAME = AccentColor;
				CODE_SIGN_STYLE = Automatic;
				CURRENT_PROJECT_VERSION = 1;
				DEVELOPMENT_TEAM = H2N9KXXP3M;
				GENERATE_INFOPLIST_FILE = YES;
				INFOPLIST_FILE = FindMiddlePoint/Info.plist;
				INFOPLIST_KEY_UIApplicationSupportsIndirectInputEvents = YES;
				INFOPLIST_KEY_UILaunchStoryboardName = LaunchScreen;
				INFOPLIST_KEY_UIMainStoryboardFile = Login;
				INFOPLIST_KEY_UISupportedInterfaceOrientations = "UIInterfaceOrientationPortrait UIInterfaceOrientationLandscapeLeft UIInterfaceOrientationLandscapeRight";
				INFOPLIST_KEY_UISupportedInterfaceOrientations_iPad = "UIInterfaceOrientationPortrait UIInterfaceOrientationPortraitUpsideDown UIInterfaceOrientationLandscapeLeft UIInterfaceOrientationLandscapeRight";
				INFOPLIST_KEY_UISupportedInterfaceOrientations_iPhone = "UIInterfaceOrientationPortrait UIInterfaceOrientationLandscapeLeft UIInterfaceOrientationLandscapeRight";
				IPHONEOS_DEPLOYMENT_TARGET = 13.0;
				LD_RUNPATH_SEARCH_PATHS = (
					"$(inherited)",
					"@executable_path/Frameworks",
				);
				MARKETING_VERSION = 1.0;
				PRODUCT_BUNDLE_IDENTIFIER = com.mandos.FindMiddlePoint;
				PRODUCT_NAME = "$(TARGET_NAME)";
				SWIFT_EMIT_LOC_STRINGS = YES;
				SWIFT_VERSION = 5.0;
				TARGETED_DEVICE_FAMILY = 1;
			};
			name = Debug;
		};
		EE90B08E281687CF005E9A2D /* Release */ = {
			isa = XCBuildConfiguration;
			baseConfigurationReference = CFF7343A73B3A2AA10C34579 /* Pods-FindMiddlePoint.release.xcconfig */;
			buildSettings = {
				ASSETCATALOG_COMPILER_APPICON_NAME = AppIcon;
				ASSETCATALOG_COMPILER_GLOBAL_ACCENT_COLOR_NAME = AccentColor;
				CODE_SIGN_STYLE = Automatic;
				CURRENT_PROJECT_VERSION = 1;
				DEVELOPMENT_TEAM = H2N9KXXP3M;
				GENERATE_INFOPLIST_FILE = YES;
				INFOPLIST_FILE = FindMiddlePoint/Info.plist;
				INFOPLIST_KEY_UIApplicationSupportsIndirectInputEvents = YES;
				INFOPLIST_KEY_UILaunchStoryboardName = LaunchScreen;
				INFOPLIST_KEY_UIMainStoryboardFile = Login;
				INFOPLIST_KEY_UISupportedInterfaceOrientations = "UIInterfaceOrientationPortrait UIInterfaceOrientationLandscapeLeft UIInterfaceOrientationLandscapeRight";
				INFOPLIST_KEY_UISupportedInterfaceOrientations_iPad = "UIInterfaceOrientationPortrait UIInterfaceOrientationPortraitUpsideDown UIInterfaceOrientationLandscapeLeft UIInterfaceOrientationLandscapeRight";
				INFOPLIST_KEY_UISupportedInterfaceOrientations_iPhone = "UIInterfaceOrientationPortrait UIInterfaceOrientationLandscapeLeft UIInterfaceOrientationLandscapeRight";
				IPHONEOS_DEPLOYMENT_TARGET = 13.0;
				LD_RUNPATH_SEARCH_PATHS = (
					"$(inherited)",
					"@executable_path/Frameworks",
				);
				MARKETING_VERSION = 1.0;
				PRODUCT_BUNDLE_IDENTIFIER = com.mandos.FindMiddlePoint;
				PRODUCT_NAME = "$(TARGET_NAME)";
				SWIFT_EMIT_LOC_STRINGS = YES;
				SWIFT_VERSION = 5.0;
				TARGETED_DEVICE_FAMILY = 1;
			};
			name = Release;
		};
/* End XCBuildConfiguration section */

/* Begin XCConfigurationList section */
		EE90B073281687CB005E9A2D /* Build configuration list for PBXProject "FindMiddlePoint" */ = {
			isa = XCConfigurationList;
			buildConfigurations = (
				EE90B08A281687CF005E9A2D /* Debug */,
				EE90B08B281687CF005E9A2D /* Release */,
			);
			defaultConfigurationIsVisible = 0;
			defaultConfigurationName = Release;
		};
		EE90B08C281687CF005E9A2D /* Build configuration list for PBXNativeTarget "FindMiddlePoint" */ = {
			isa = XCConfigurationList;
			buildConfigurations = (
				EE90B08D281687CF005E9A2D /* Debug */,
				EE90B08E281687CF005E9A2D /* Release */,
			);
			defaultConfigurationIsVisible = 0;
			defaultConfigurationName = Release;
		};
/* End XCConfigurationList section */
	};
	rootObject = EE90B070281687CB005E9A2D /* Project object */;
}
